
Microsoft Visual Studio Solution File, Format Version 12.00
# Visual Studio 15
VisualStudioVersion = 15.0.27004.2005
MinimumVisualStudioVersion = 10.0.40219.1
Project("{FAE04EC0-301F-11D3-BF4B-00C04F79EFBC}") = "rct_helper_android", "rct_helper_android\rct_helper_android.csproj", "{864330B7-3894-445B-8FA8-F743C8D4A47A}"
EndProject
Global
	GlobalSection(SolutionConfigurationPlatforms) = preSolution
		Debug|Any CPU = Debug|Any CPU
		Release|Any CPU = Release|Any CPU
	EndGlobalSection
	GlobalSection(ProjectConfigurationPlatforms) = postSolution
		{864330B7-3894-445B-8FA8-F743C8D4A47A}.Debug|Any CPU.ActiveCfg = Debug|Any CPU
		{864330B7-3894-445B-8FA8-F743C8D4A47A}.Debug|Any CPU.Build.0 = Debug|Any CPU
		{864330B7-3894-445B-8FA8-F743C8D4A47A}.Debug|Any CPU.Deploy.0 = Debug|Any CPU
		{864330B7-3894-445B-8FA8-F743C8D4A47A}.Release|Any CPU.ActiveCfg = Release|Any CPU
		{864330B7-3894-445B-8FA8-F743C8D4A47A}.Release|Any CPU.Build.0 = Release|Any CPU
		{864330B7-3894-445B-8FA8-F743C8D4A47A}.Release|Any CPU.Deploy.0 = Release|Any CPU
	EndGlobalSection
	GlobalSection(SolutionProperties) = preSolution
		HideSolutionNode = FALSE
	EndGlobalSection
	GlobalSection(ExtensibilityGlobals) = postSolution
		SolutionGuid = {DAF7287C-631B-4EBC-B20C-23B027211A1A}
	EndGlobalSection
EndGlobal
